
Microsoft Visual Studio Solution File, Format Version 12.00
# Visual Studio Version 17
VisualStudioVersion = 17.14.36401.2
MinimumVisualStudioVersion = 10.0.40219.1
Project("{2150E333-8FDC-42A3-9474-1A3956D46DE8}") = "services", "services", "{02EA681E-C7D8-13C7-8484-4AC65E1B71E8}"
EndProject
Project("{2150E333-8FDC-42A3-9474-1A3956D46DE8}") = "CatalogService", "CatalogService", "{1429BCCE-6BA2-4A82-8116-B929568A73E3}"
EndProject
Project("{FAE04EC0-301F-11D3-BF4B-00C04F79EFBC}") = "CatalogService.Api", "services\CatalogService\CatalogService.Api\CatalogService.Api.csproj", "{22D9E876-052D-4629-861A-63F6FA5482D6}"
EndProject
Project("{FAE04EC0-301F-11D3-BF4B-00C04F79EFBC}") = "CatalogService.Domain", "services\CatalogService\CatalogService.Domain\CatalogService.Domain.csproj", "{F434B90D-BF0B-4BE7-ACA6-B50FB70762AA}"
EndProject
Project("{FAE04EC0-301F-11D3-BF4B-00C04F79EFBC}") = "CatalogService.Application", "services\CatalogService\CatalogService.Application\CatalogService.Application.csproj", "{4B2B9172-2CAF-411D-98F1-EE0436AF1B6B}"
EndProject
Project("{FAE04EC0-301F-11D3-BF4B-00C04F79EFBC}") = "CatalogService.Infrastructure", "services\CatalogService\CatalogService.Infrastructure\CatalogService.Infrastructure.csproj", "{2E9BED9A-AC4A-4340-8EFA-4CC23FFBF796}"
EndProject
Project("{2150E333-8FDC-42A3-9474-1A3956D46DE8}") = "deploy", "deploy", "{FA04AB18-3649-4A18-8CC9-632A2FAA7E65}"
EndProject
Project("{2150E333-8FDC-42A3-9474-1A3956D46DE8}") = "docker", "docker", "{B52AAA2C-D730-4CE2-ABBD-32CBA5F41D6F}"
	ProjectSection(SolutionItems) = preProject
		services\deploy\docker\Tüm Docker kurulumlarını.txt = services\deploy\docker\Tüm Docker kurulumlarını.txt
	EndProjectSection
EndProject
Project("{2150E333-8FDC-42A3-9474-1A3956D46DE8}") = "docs", "docs", "{8F4864EC-F2D6-4AE2-9FEC-A6F7391DDF18}"
	ProjectSection(SolutionItems) = preProject
		services\CatalogService\docs\CatalogService-DeveloperGuide.md = services\CatalogService\docs\CatalogService-DeveloperGuide.md
	EndProjectSection
EndProject
Project("{2150E333-8FDC-42A3-9474-1A3956D46DE8}") = "BasketService", "BasketService", "{BD3806E4-21CA-4AFB-9B5D-2EB0D279A4F8}"
EndProject
Project("{2150E333-8FDC-42A3-9474-1A3956D46DE8}") = "compose", "compose", "{E4CB69FC-9333-4FC1-A3B5-6A4242C83438}"
	ProjectSection(SolutionItems) = preProject
		services\deploy\docker\compose\elasticsearch.yml = services\deploy\docker\compose\elasticsearch.yml
		services\deploy\docker\compose\kibana.yml = services\deploy\docker\compose\kibana.yml
		services\deploy\docker\compose\postgresql.yml = services\deploy\docker\compose\postgresql.yml
		services\deploy\docker\compose\rabbitmq.yml = services\deploy\docker\compose\rabbitmq.yml
		services\deploy\docker\compose\redis.yml = services\deploy\docker\compose\redis.yml
		services\deploy\docker\compose\redpanda.yml = services\deploy\docker\compose\redpanda.yml
	EndProjectSection
EndProject
Project("{2150E333-8FDC-42A3-9474-1A3956D46DE8}") = "env", "env", "{34B4E48F-5374-4A39-A56E-953D4A9DA318}"
	ProjectSection(SolutionItems) = preProject
		services\deploy\docker\env\elastic.env = services\deploy\docker\env\elastic.env
		services\deploy\docker\env\kibana.env = services\deploy\docker\env\kibana.env
		services\deploy\docker\env\postgres.env = services\deploy\docker\env\postgres.env
		services\deploy\docker\env\rabbitmq.env = services\deploy\docker\env\rabbitmq.env
		services\deploy\docker\env\redis.env = services\deploy\docker\env\redis.env
		services\deploy\docker\env\redpanda.env = services\deploy\docker\env\redpanda.env
	EndProjectSection
EndProject
Project("{2150E333-8FDC-42A3-9474-1A3956D46DE8}") = "scripts", "scripts", "{0D70BB98-94FA-46E4-ACD2-0D2AD249DAAE}"
	ProjectSection(SolutionItems) = preProject
		services\deploy\docker\scripts\create-network.ps1 = services\deploy\docker\scripts\create-network.ps1
		services\deploy\docker\scripts\down-all.ps1 = services\deploy\docker\scripts\down-all.ps1
		services\deploy\docker\scripts\up-all.ps1 = services\deploy\docker\scripts\up-all.ps1
		services\deploy\docker\scripts\up-service.ps1 = services\deploy\docker\scripts\up-service.ps1
	EndProjectSection
EndProject
Project("{FAE04EC0-301F-11D3-BF4B-00C04F79EFBC}") = "BasketService.Api", "services\BasketService\BasketService.Api\BasketService.Api.csproj", "{85BB6B76-47F1-4CBC-A888-B4B1D51B9A7D}"
EndProject
Project("{FAE04EC0-301F-11D3-BF4B-00C04F79EFBC}") = "BasketService.Application", "services\BasketService\BasketService.Application\BasketService.Application.csproj", "{497E34CF-2C75-4D59-990B-9C752F8A588F}"
EndProject
Project("{FAE04EC0-301F-11D3-BF4B-00C04F79EFBC}") = "BasketService.Contracts", "services\BasketService\BasketService.Contracts\BasketService.Contracts.csproj", "{5183E56E-A9F2-41F5-BFA7-CCBD47E63D6F}"
EndProject
Project("{FAE04EC0-301F-11D3-BF4B-00C04F79EFBC}") = "BasketService.Domain", "services\BasketService\BasketService.Domain\BasketService.Domain.csproj", "{D92C9ACE-5ACD-4E8E-AAC5-5FBB0E5419A8}"
EndProject
Project("{FAE04EC0-301F-11D3-BF4B-00C04F79EFBC}") = "BasketService.Infrastructure", "services\BasketService\BasketService.Infrastructure\BasketService.Infrastructure.csproj", "{F23ACAD2-9A0F-469F-B4BF-353C89E2815C}"
EndProject
Global
	GlobalSection(SolutionConfigurationPlatforms) = preSolution
		Debug|Any CPU = Debug|Any CPU
		Release|Any CPU = Release|Any CPU
	EndGlobalSection
	GlobalSection(ProjectConfigurationPlatforms) = postSolution
		{22D9E876-052D-4629-861A-63F6FA5482D6}.Debug|Any CPU.ActiveCfg = Debug|Any CPU
		{22D9E876-052D-4629-861A-63F6FA5482D6}.Debug|Any CPU.Build.0 = Debug|Any CPU
		{22D9E876-052D-4629-861A-63F6FA5482D6}.Release|Any CPU.ActiveCfg = Release|Any CPU
		{22D9E876-052D-4629-861A-63F6FA5482D6}.Release|Any CPU.Build.0 = Release|Any CPU
		{F434B90D-BF0B-4BE7-ACA6-B50FB70762AA}.Debug|Any CPU.ActiveCfg = Debug|Any CPU
		{F434B90D-BF0B-4BE7-ACA6-B50FB70762AA}.Debug|Any CPU.Build.0 = Debug|Any CPU
		{F434B90D-BF0B-4BE7-ACA6-B50FB70762AA}.Release|Any CPU.ActiveCfg = Release|Any CPU
		{F434B90D-BF0B-4BE7-ACA6-B50FB70762AA}.Release|Any CPU.Build.0 = Release|Any CPU
		{4B2B9172-2CAF-411D-98F1-EE0436AF1B6B}.Debug|Any CPU.ActiveCfg = Debug|Any CPU
		{4B2B9172-2CAF-411D-98F1-EE0436AF1B6B}.Debug|Any CPU.Build.0 = Debug|Any CPU
		{4B2B9172-2CAF-411D-98F1-EE0436AF1B6B}.Release|Any CPU.ActiveCfg = Release|Any CPU
		{4B2B9172-2CAF-411D-98F1-EE0436AF1B6B}.Release|Any CPU.Build.0 = Release|Any CPU
		{2E9BED9A-AC4A-4340-8EFA-4CC23FFBF796}.Debug|Any CPU.ActiveCfg = Debug|Any CPU
		{2E9BED9A-AC4A-4340-8EFA-4CC23FFBF796}.Debug|Any CPU.Build.0 = Debug|Any CPU
		{2E9BED9A-AC4A-4340-8EFA-4CC23FFBF796}.Release|Any CPU.ActiveCfg = Release|Any CPU
		{2E9BED9A-AC4A-4340-8EFA-4CC23FFBF796}.Release|Any CPU.Build.0 = Release|Any CPU
		{85BB6B76-47F1-4CBC-A888-B4B1D51B9A7D}.Debug|Any CPU.ActiveCfg = Debug|Any CPU
		{85BB6B76-47F1-4CBC-A888-B4B1D51B9A7D}.Debug|Any CPU.Build.0 = Debug|Any CPU
		{85BB6B76-47F1-4CBC-A888-B4B1D51B9A7D}.Release|Any CPU.ActiveCfg = Release|Any CPU
		{85BB6B76-47F1-4CBC-A888-B4B1D51B9A7D}.Release|Any CPU.Build.0 = Release|Any CPU
		{497E34CF-2C75-4D59-990B-9C752F8A588F}.Debug|Any CPU.ActiveCfg = Debug|Any CPU
		{497E34CF-2C75-4D59-990B-9C752F8A588F}.Debug|Any CPU.Build.0 = Debug|Any CPU
		{497E34CF-2C75-4D59-990B-9C752F8A588F}.Release|Any CPU.ActiveCfg = Release|Any CPU
		{497E34CF-2C75-4D59-990B-9C752F8A588F}.Release|Any CPU.Build.0 = Release|Any CPU
		{5183E56E-A9F2-41F5-BFA7-CCBD47E63D6F}.Debug|Any CPU.ActiveCfg = Debug|Any CPU
		{5183E56E-A9F2-41F5-BFA7-CCBD47E63D6F}.Debug|Any CPU.Build.0 = Debug|Any CPU
		{5183E56E-A9F2-41F5-BFA7-CCBD47E63D6F}.Release|Any CPU.ActiveCfg = Release|Any CPU
		{5183E56E-A9F2-41F5-BFA7-CCBD47E63D6F}.Release|Any CPU.Build.0 = Release|Any CPU
		{D92C9ACE-5ACD-4E8E-AAC5-5FBB0E5419A8}.Debug|Any CPU.ActiveCfg = Debug|Any CPU
		{D92C9ACE-5ACD-4E8E-AAC5-5FBB0E5419A8}.Debug|Any CPU.Build.0 = Debug|Any CPU
		{D92C9ACE-5ACD-4E8E-AAC5-5FBB0E5419A8}.Release|Any CPU.ActiveCfg = Release|Any CPU
		{D92C9ACE-5ACD-4E8E-AAC5-5FBB0E5419A8}.Release|Any CPU.Build.0 = Release|Any CPU
		{F23ACAD2-9A0F-469F-B4BF-353C89E2815C}.Debug|Any CPU.ActiveCfg = Debug|Any CPU
		{F23ACAD2-9A0F-469F-B4BF-353C89E2815C}.Debug|Any CPU.Build.0 = Debug|Any CPU
		{F23ACAD2-9A0F-469F-B4BF-353C89E2815C}.Release|Any CPU.ActiveCfg = Release|Any CPU
		{F23ACAD2-9A0F-469F-B4BF-353C89E2815C}.Release|Any CPU.Build.0 = Release|Any CPU
	EndGlobalSection
	GlobalSection(SolutionProperties) = preSolution
		HideSolutionNode = FALSE
	EndGlobalSection
	GlobalSection(NestedProjects) = preSolution
		{1429BCCE-6BA2-4A82-8116-B929568A73E3} = {02EA681E-C7D8-13C7-8484-4AC65E1B71E8}
		{22D9E876-052D-4629-861A-63F6FA5482D6} = {1429BCCE-6BA2-4A82-8116-B929568A73E3}
		{F434B90D-BF0B-4BE7-ACA6-B50FB70762AA} = {1429BCCE-6BA2-4A82-8116-B929568A73E3}
		{4B2B9172-2CAF-411D-98F1-EE0436AF1B6B} = {1429BCCE-6BA2-4A82-8116-B929568A73E3}
		{2E9BED9A-AC4A-4340-8EFA-4CC23FFBF796} = {1429BCCE-6BA2-4A82-8116-B929568A73E3}
		{FA04AB18-3649-4A18-8CC9-632A2FAA7E65} = {02EA681E-C7D8-13C7-8484-4AC65E1B71E8}
		{B52AAA2C-D730-4CE2-ABBD-32CBA5F41D6F} = {FA04AB18-3649-4A18-8CC9-632A2FAA7E65}
		{8F4864EC-F2D6-4AE2-9FEC-A6F7391DDF18} = {1429BCCE-6BA2-4A82-8116-B929568A73E3}
		{BD3806E4-21CA-4AFB-9B5D-2EB0D279A4F8} = {02EA681E-C7D8-13C7-8484-4AC65E1B71E8}
		{E4CB69FC-9333-4FC1-A3B5-6A4242C83438} = {B52AAA2C-D730-4CE2-ABBD-32CBA5F41D6F}
		{34B4E48F-5374-4A39-A56E-953D4A9DA318} = {B52AAA2C-D730-4CE2-ABBD-32CBA5F41D6F}
		{0D70BB98-94FA-46E4-ACD2-0D2AD249DAAE} = {B52AAA2C-D730-4CE2-ABBD-32CBA5F41D6F}
		{85BB6B76-47F1-4CBC-A888-B4B1D51B9A7D} = {BD3806E4-21CA-4AFB-9B5D-2EB0D279A4F8}
		{497E34CF-2C75-4D59-990B-9C752F8A588F} = {BD3806E4-21CA-4AFB-9B5D-2EB0D279A4F8}
		{5183E56E-A9F2-41F5-BFA7-CCBD47E63D6F} = {BD3806E4-21CA-4AFB-9B5D-2EB0D279A4F8}
		{D92C9ACE-5ACD-4E8E-AAC5-5FBB0E5419A8} = {BD3806E4-21CA-4AFB-9B5D-2EB0D279A4F8}
		{F23ACAD2-9A0F-469F-B4BF-353C89E2815C} = {BD3806E4-21CA-4AFB-9B5D-2EB0D279A4F8}
	EndGlobalSection
	GlobalSection(ExtensibilityGlobals) = postSolution
		SolutionGuid = {D6289F9F-5B5B-42D0-A7CF-634E2E816671}
	EndGlobalSection
EndGlobal
